// !$*UTF8*$!
{
	archiveVersion = 1;
	classes = {
	};
	objectVersion = 46;
	objects = {

/* Begin PBXBuildFile section */
		1E9DF2CA1AE7004A00D47ECC /* main.m in Sources */ = {isa = PBXBuildFile; fileRef = 1E9DF2C91AE7004A00D47ECC /* main.m */; };
		1E9DF2CD1AE7004A00D47ECC /* AppDelegate.m in Sources */ = {isa = PBXBuildFile; fileRef = 1E9DF2CC1AE7004A00D47ECC /* AppDelegate.m */; };
		1E9DF2D01AE7004A00D47ECC /* ViewController.m in Sources */ = {isa = PBXBuildFile; fileRef = 1E9DF2CF1AE7004A00D47ECC /* ViewController.m */; };
		1E9DF2D31AE7004A00D47ECC /* Main.storyboard in Resources */ = {isa = PBXBuildFile; fileRef = 1E9DF2D11AE7004A00D47ECC /* Main.storyboard */; };
		1E9DF2D51AE7004A00D47ECC /* Images.xcassets in Resources */ = {isa = PBXBuildFile; fileRef = 1E9DF2D41AE7004A00D47ECC /* Images.xcassets */; };
		1E9DF2D81AE7004A00D47ECC /* LaunchScreen.xib in Resources */ = {isa = PBXBuildFile; fileRef = 1E9DF2D61AE7004A00D47ECC /* LaunchScreen.xib */; };
		1E9DF2E41AE7004A00D47ECC /* Tableview_demoTests.m in Sources */ = {isa = PBXBuildFile; fileRef = 1E9DF2E31AE7004A00D47ECC /* Tableview_demoTests.m */; };
/* End PBXBuildFile section */

/* Begin PBXContainerItemProxy section */
		1E9DF2DE1AE7004A00D47ECC /* PBXContainerItemProxy */ = {
			isa = PBXContainerItemProxy;
			containerPortal = 1E9DF2BC1AE7004A00D47ECC /* Project object */;
			proxyType = 1;
			remoteGlobalIDString = 1E9DF2C31AE7004A00D47ECC;
			remoteInfo = "Tableview demo";
		};
/* End PBXContainerItemProxy section */

/* Begin PBXFileReference section */
		1E9DF2C41AE7004A00D47ECC /* Tableview demo.app */ = {isa = PBXFileReference; explicitFileType = wrapper.application; includeInIndex = 0; path = "Tableview demo.app"; sourceTree = BUILT_PRODUCTS_DIR; };
		1E9DF2C81AE7004A00D47ECC /* Info.plist */ = {isa = PBXFileReference; lastKnownFileType = text.plist.xml; path = Info.plist; sourceTree = "<group>"; };
		1E9DF2C91AE7004A00D47ECC /* main.m */ = {isa = PBXFileReference; lastKnownFileType = sourcecode.c.objc; path = main.m; sourceTree = "<group>"; };
		1E9DF2CB1AE7004A00D47ECC /* AppDelegate.h */ = {isa = PBXFileReference; lastKnownFileType = sourcecode.c.h; path = AppDelegate.h; sourceTree = "<group>"; };
		1E9DF2CC1AE7004A00D47ECC /* AppDelegate.m */ = {isa = PBXFileReference; lastKnownFileType = sourcecode.c.objc; path = AppDelegate.m; sourceTree = "<group>"; };
		1E9DF2CE1AE7004A00D47ECC /* ViewController.h */ = {isa = PBXFileReference; lastKnownFileType = sourcecode.c.h; path = ViewController.h; sourceTree = "<group>"; };
		1E9DF2CF1AE7004A00D47ECC /* ViewController.m */ = {isa = PBXFileReference; lastKnownFileType = sourcecode.c.objc; path = ViewController.m; sourceTree = "<group>"; };
		1E9DF2D21AE7004A00D47ECC /* Base */ = {isa = PBXFileReference; lastKnownFileType = file.storyboard; name = Base; path = Base.lproj/Main.storyboard; sourceTree = "<group>"; };
		1E9DF2D41AE7004A00D47ECC /* Images.xcassets */ = {isa = PBXFileReference; lastKnownFileType = folder.assetcatalog; path = Images.xcassets; sourceTree = "<group>"; };
		1E9DF2D71AE7004A00D47ECC /* Base */ = {isa = PBXFileReference; lastKnownFileType = file.xib; name = Base; path = Base.lproj/LaunchScreen.xib; sourceTree = "<group>"; };
		1E9DF2DD1AE7004A00D47ECC /* Tableview demoTests.xctest */ = {isa = PBXFileReference; explicitFileType = wrapper.cfbundle; includeInIndex = 0; path = "Tableview demoTests.xctest"; sourceTree = BUILT_PRODUCTS_DIR; };
		1E9DF2E21AE7004A00D47ECC /* Info.plist */ = {isa = PBXFileReference; lastKnownFileType = text.plist.xml; path = Info.plist; sourceTree = "<group>"; };
		1E9DF2E31AE7004A00D47ECC /* Tableview_demoTests.m */ = {isa = PBXFileReference; lastKnownFileType = sourcecode.c.objc; path = Tableview_demoTests.m; sourceTree = "<group>"; };
/* End PBXFileReference section */

/* Begin PBXFrameworksBuildPhase section */
		1E9DF2C11AE7004A00D47ECC /* Frameworks */ = {
			isa = PBXFrameworksBuildPhase;
			buildActionMask = 2147483647;
			files = (
			);
			runOnlyForDeploymentPostprocessing = 0;
		};
		1E9DF2DA1AE7004A00D47ECC /* Frameworks */ = {
			isa = PBXFrameworksBuildPhase;
			buildActionMask = 2147483647;
			files = (
			);
			runOnlyForDeploymentPostprocessing = 0;
		};
/* End PBXFrameworksBuildPhase section */

/* Begin PBXGroup section */
		1E9DF2BB1AE7004A00D47ECC = {
			isa = PBXGroup;
			children = (
				1E9DF2C61AE7004A00D47ECC /* Tableview demo */,
				1E9DF2E01AE7004A00D47ECC /* Tableview demoTests */,
				1E9DF2C51AE7004A00D47ECC /* Products */,
			);
			sourceTree = "<group>";
		};
		1E9DF2C51AE7004A00D47ECC /* Products */ = {
			isa = PBXGroup;
			children = (
				1E9DF2C41AE7004A00D47ECC /* Tableview demo.app */,
				1E9DF2DD1AE7004A00D47ECC /* Tableview demoTests.xctest */,
			);
			name = Products;
			sourceTree = "<group>";
		};
		1E9DF2C61AE7004A00D47ECC /* Tableview demo */ = {
			isa = PBXGroup;
			children = (
				1E9DF2CB1AE7004A00D47ECC /* AppDelegate.h */,
				1E9DF2CC1AE7004A00D47ECC /* AppDelegate.m */,
				1E9DF2CE1AE7004A00D47ECC /* ViewController.h */,
				1E9DF2CF1AE7004A00D47ECC /* ViewController.m */,
				1E9DF2D11AE7004A00D47ECC /* Main.storyboard */,
				1E9DF2D41AE7004A00D47ECC /* Images.xcassets */,
				1E9DF2D61AE7004A00D47ECC /* LaunchScreen.xib */,
				1E9DF2C71AE7004A00D47ECC /* Supporting Files */,
			);
			path = "Tableview demo";
			sourceTree = "<group>";
		};
		1E9DF2C71AE7004A00D47ECC /* Supporting Files */ = {
			isa = PBXGroup;
			children = (
				1E9DF2C81AE7004A00D47ECC /* Info.plist */,
				1E9DF2C91AE7004A00D47ECC /* main.m */,
			);
			name = "Supporting Files";
			sourceTree = "<group>";
		};
		1E9DF2E01AE7004A00D47ECC /* Tableview demoTests */ = {
			isa = PBXGroup;
			children = (
				1E9DF2E31AE7004A00D47ECC /* Tableview_demoTests.m */,
				1E9DF2E11AE7004A00D47ECC /* Supporting Files */,
			);
			path = "Tableview demoTests";
			sourceTree = "<group>";
		};
		1E9DF2E11AE7004A00D47ECC /* Supporting Files */ = {
			isa = PBXGroup;
			children = (
				1E9DF2E21AE7004A00D47ECC /* Info.plist */,
			);
			name = "Supporting Files";
			sourceTree = "<group>";
		};
/* End PBXGroup section */

/* Begin PBXNativeTarget section */
		1E9DF2C31AE7004A00D47ECC /* Tableview demo */ = {
			isa = PBXNativeTarget;
			buildConfigurationList = 1E9DF2E71AE7004A00D47ECC /* Build configuration list for PBXNativeTarget "Tableview demo" */;
			buildPhases = (
				1E9DF2C01AE7004A00D47ECC /* Sources */,
				1E9DF2C11AE7004A00D47ECC /* Frameworks */,
				1E9DF2C21AE7004A00D47ECC /* Resources */,
			);
			buildRules = (
			);
			dependencies = (
			);
			name = "Tableview demo";
			productName = "Tableview demo";
			productReference = 1E9DF2C41AE7004A00D47ECC /* Tableview demo.app */;
			productType = "com.apple.product-type.application";
		};
		1E9DF2DC1AE7004A00D47ECC /* Tableview demoTests */ = {
			isa = PBXNativeTarget;
			buildConfigurationList = 1E9DF2EA1AE7004A00D47ECC /* Build configuration list for PBXNativeTarget "Tableview demoTests" */;
			buildPhases = (
				1E9DF2D91AE7004A00D47ECC /* Sources */,
				1E9DF2DA1AE7004A00D47ECC /* Frameworks */,
				1E9DF2DB1AE7004A00D47ECC /* Resources */,
			);
			buildRules = (
			);
			dependencies = (
				1E9DF2DF1AE7004A00D47ECC /* PBXTargetDependency */,
			);
			name = "Tableview demoTests";
			productName = "Tableview demoTests";
			productReference = 1E9DF2DD1AE7004A00D47ECC /* Tableview demoTests.xctest */;
			productType = "com.apple.product-type.bundle.unit-test";
		};
/* End PBXNativeTarget section */

/* Begin PBXProject section */
		1E9DF2BC1AE7004A00D47ECC /* Project object */ = {
			isa = PBXProject;
			attributes = {
				LastUpgradeCheck = 0610;
				ORGANIZATIONNAME = annutech;
				TargetAttributes = {
					1E9DF2C31AE7004A00D47ECC = {
						CreatedOnToolsVersion = 6.1;
					};
					1E9DF2DC1AE7004A00D47ECC = {
						CreatedOnToolsVersion = 6.1;
						TestTargetID = 1E9DF2C31AE7004A00D47ECC;
					};
				};
			};
			buildConfigurationList = 1E9DF2BF1AE7004A00D47ECC /* Build configuration list for PBXProject "Tableview demo" */;
			compatibilityVersion = "Xcode 3.2";
			developmentRegion = English;
			hasScannedForEncodings = 0;
			knownRegions = (
				en,
				Base,
			);
			mainGroup = 1E9DF2BB1AE7004A00D47ECC;
			productRefGroup = 1E9DF2C51AE7004A00D47ECC /* Products */;
			projectDirPath = "";
			projectRoot = "";
			targets = (
				1E9DF2C31AE7004A00D47ECC /* Tableview demo */,
				1E9DF2DC1AE7004A00D47ECC /* Tableview demoTests */,
			);
		};
/* End PBXProject section */

/* Begin PBXResourcesBuildPhase section */
		1E9DF2C21AE7004A00D47ECC /* Resources */ = {
			isa = PBXResourcesBuildPhase;
			buildActionMask = 2147483647;
			files = (
				1E9DF2D31AE7004A00D47ECC /* Main.storyboard in Resources */,
				1E9DF2D81AE7004A00D47ECC /* LaunchScreen.xib in Resources */,
				1E9DF2D51AE7004A00D47ECC /* Images.xcassets in Resources */,
			);
			runOnlyForDeploymentPostprocessing = 0;
		};
		1E9DF2DB1AE7004A00D47ECC /* Resources */ = {
			isa = PBXResourcesBuildPhase;
			buildActionMask = 2147483647;
			files = (
			);
			runOnlyForDeploymentPostprocessing = 0;
		};
/* End PBXResourcesBuildPhase section */

/* Begin PBXSourcesBuildPhase section */
		1E9DF2C01AE7004A00D47ECC /* Sources */ = {
			isa = PBXSourcesBuildPhase;
			buildActionMask = 2147483647;
			files = (
				1E9DF2D01AE7004A00D47ECC /* ViewController.m in Sources */,
				1E9DF2CD1AE7004A00D47ECC /* AppDelegate.m in Sources */,
				1E9DF2CA1AE7004A00D47ECC /* main.m in Sources */,
			);
			runOnlyForDeploymentPostprocessing = 0;
		};
		1E9DF2D91AE7004A00D47ECC /* Sources */ = {
			isa = PBXSourcesBuildPhase;
			buildActionMask = 2147483647;
			files = (
				1E9DF2E41AE7004A00D47ECC /* Tableview_demoTests.m in Sources */,
			);
			runOnlyForDeploymentPostprocessing = 0;
		};
/* End PBXSourcesBuildPhase section */

/* Begin PBXTargetDependency section */
		1E9DF2DF1AE7004A00D47ECC /* PBXTargetDependency */ = {
			isa = PBXTargetDependency;
			target = 1E9DF2C31AE7004A00D47ECC /* Tableview demo */;
			targetProxy = 1E9DF2DE1AE7004A00D47ECC /* PBXContainerItemProxy */;
		};
/* End PBXTargetDependency section */

/* Begin PBXVariantGroup section */
		1E9DF2D11AE7004A00D47ECC /* Main.storyboard */ = {
			isa = PBXVariantGroup;
			children = (
				1E9DF2D21AE7004A00D47ECC /* Base */,
			);
			name = Main.storyboard;
			sourceTree = "<group>";
		};
		1E9DF2D61AE7004A00D47ECC /* LaunchScreen.xib */ = {
			isa = PBXVariantGroup;
			children = (
				1E9DF2D71AE7004A00D47ECC /* Base */,
			);
			name = LaunchScreen.xib;
			sourceTree = "<group>";
		};
/* End PBXVariantGroup section */

/* Begin XCBuildConfiguration section */
		1E9DF2E51AE7004A00D47ECC /* Debug */ = {
			isa = XCBuildConfiguration;
			buildSettings = {
				ALWAYS_SEARCH_USER_PATHS = NO;
				CLANG_CXX_LANGUAGE_STANDARD = "gnu++0x";
				CLANG_CXX_LIBRARY = "libc++";
				CLANG_ENABLE_MODULES = YES;
				CLANG_ENABLE_OBJC_ARC = YES;
				CLANG_WARN_BOOL_CONVERSION = YES;
				CLANG_WARN_CONSTANT_CONVERSION = YES;
				CLANG_WARN_DIRECT_OBJC_ISA_USAGE = YES_ERROR;
				CLANG_WARN_EMPTY_BODY = YES;
				CLANG_WARN_ENUM_CONVERSION = YES;
				CLANG_WARN_INT_CONVERSION = YES;
				CLANG_WARN_OBJC_ROOT_CLASS = YES_ERROR;
				CLANG_WARN_UNREACHABLE_CODE = YES;
				CLANG_WARN__DUPLICATE_METHOD_MATCH = YES;
				"CODE_SIGN_IDENTITY[sdk=iphoneos*]" = "iPhone Developer";
				COPY_PHASE_STRIP = NO;
				ENABLE_STRICT_OBJC_MSGSEND = YES;
				GCC_C_LANGUAGE_STANDARD = gnu99;
				GCC_DYNAMIC_NO_PIC = NO;
				GCC_OPTIMIZATION_LEVEL = 0;
				GCC_PREPROCESSOR_DEFINITIONS = (
					"DEBUG=1",
					"$(inherited)",
				);
				GCC_SYMBOLS_PRIVATE_EXTERN = NO;
				GCC_WARN_64_TO_32_BIT_CONVERSION = YES;
				GCC_WARN_ABOUT_RETURN_TYPE = YES_ERROR;
				GCC_WARN_UNDECLARED_SELECTOR = YES;
				GCC_WARN_UNINITIALIZED_AUTOS = YES_AGGRESSIVE;
				GCC_WARN_UNUSED_FUNCTION = YES;
				GCC_WARN_UNUSED_VARIABLE = YES;
				IPHONEOS_DEPLOYMENT_TARGET = 8.1;
				MTL_ENABLE_DEBUG_INFO = YES;
				ONLY_ACTIVE_ARCH = YES;
				SDKROOT = iphoneos;
			};
			name = Debug;
		};
		1E9DF2E61AE7004A00D47ECC /* Release */ = {
			isa = XCBuildConfiguration;
			buildSettings = {
				ALWAYS_SEARCH_USER_PATHS = NO;
				CLANG_CXX_LANGUAGE_STANDARD = "gnu++0x";
				CLANG_CXX_LIBRARY = "libc++";
				CLANG_ENABLE_MODULES = YES;
				CLANG_ENABLE_OBJC_ARC = YES;
				CLANG_WARN_BOOL_CONVERSION = YES;
				CLANG_WARN_CONSTANT_CONVERSION = YES;
				CLANG_WARN_DIRECT_OBJC_ISA_USAGE = YES_ERROR;
				CLANG_WARN_EMPTY_BODY = YES;
				CLANG_WARN_ENUM_CONVERSION = YES;
				CLANG_WARN_INT_CONVERSION = YES;
				CLANG_WARN_OBJC_ROOT_CLASS = YES_ERROR;
				CLANG_WARN_UNREACHABLE_CODE = YES;
				CLANG_WARN__DUPLICATE_METHOD_MATCH = YES;
				"CODE_SIGN_IDENTITY[sdk=iphoneos*]" = "iPhone Developer";
				COPY_PHASE_STRIP = YES;
				ENABLE_NS_ASSERTIONS = NO;
				ENABLE_STRICT_OBJC_MSGSEND = YES;
				GCC_C_LANGUAGE_STANDARD = gnu99;
				GCC_WARN_64_TO_32_BIT_CONVERSION = YES;
				GCC_WARN_ABOUT_RETURN_TYPE = YES_ERROR;
				GCC_WARN_UNDECLARED_SELECTOR = YES;
				GCC_WARN_UNINITIALIZED_AUTOS = YES_AGGRESSIVE;
				GCC_WARN_UNUSED_FUNCTION = YES;
				GCC_WARN_UNUSED_VARIABLE = YES;
				IPHONEOS_DEPLOYMENT_TARGET = 8.1;
				MTL_ENABLE_DEBUG_INFO = NO;
				SDKROOT = iphoneos;
				VALIDATE_PRODUCT = YES;
			};
			name = Release;
		};
		1E9DF2E81AE7004A00D47ECC /* Debug */ = {
			isa = XCBuildConfiguration;
			buildSettings = {
				ASSETCATALOG_COMPILER_APPICON_NAME = AppIcon;
				INFOPLIST_FILE = "Tableview demo/Info.plist";
				LD_RUNPATH_SEARCH_PATHS = "$(inherited) @executable_path/Frameworks";
				PRODUCT_NAME = "$(TARGET_NAME)";
			};
			name = Debug;
		};
		1E9DF2E91AE7004A00D47ECC /* Release */ = {
			isa = XCBuildConfiguration;
			buildSettings = {
				ASSETCATALOG_COMPILER_APPICON_NAME = AppIcon;
				INFOPLIST_FILE = "Tableview demo/Info.plist";
				LD_RUNPATH_SEARCH_PATHS = "$(inherited) @executable_path/Frameworks";
				PRODUCT_NAME = "$(TARGET_NAME)";
			};
			name = Release;
		};
		1E9DF2EB1AE7004A00D47ECC /* Debug */ = {
			isa = XCBuildConfiguration;
			buildSettings = {
				BUNDLE_LOADER = "$(TEST_HOST)";
				FRAMEWORK_SEARCH_PATHS = (
					"$(SDKROOT)/Developer/Library/Frameworks",
					"$(inherited)",
				);
				GCC_PREPROCESSOR_DEFINITIONS = (
					"DEBUG=1",
					"$(inherited)",
				);
				INFOPLIST_FILE = "Tableview demoTests/Info.plist";
				LD_RUNPATH_SEARCH_PATHS = "$(inherited) @executable_path/Frameworks @loader_path/Frameworks";
				PRODUCT_NAME = "$(TARGET_NAME)";
				TEST_HOST = "$(BUILT_PRODUCTS_DIR)/Tableview demo.app/Tableview demo";
			};
			name = Debug;
		};
		1E9DF2EC1AE7004A00D47ECC /* Release */ = {
			isa = XCBuildConfiguration;
			buildSettings = {
				BUNDLE_LOADER = "$(TEST_HOST)";
				FRAMEWORK_SEARCH_PATHS = (
					"$(SDKROOT)/Developer/Library/Frameworks",
					"$(inherited)",
				);
				INFOPLIST_FILE = "Tableview demoTests/Info.plist";
				LD_RUNPATH_SEARCH_PATHS = "$(inherited) @executable_path/Frameworks @loader_path/Frameworks";
				PRODUCT_NAME = "$(TARGET_NAME)";
				TEST_HOST = "$(BUILT_PRODUCTS_DIR)/Tableview demo.app/Tableview demo";
			};
			name = Release;
		};
/* End XCBuildConfiguration section */

/* Begin XCConfigurationList section */
		1E9DF2BF1AE7004A00D47ECC /* Build configuration list for PBXProject "Tableview demo" */ = {
			isa = XCConfigurationList;
			buildConfigurations = (
				1E9DF2E51AE7004A00D47ECC /* Debug */,
				1E9DF2E61AE7004A00D47ECC /* Release */,
			);
			defaultConfigurationIsVisible = 0;
			defaultConfigurationName = Release;
		};
		1E9DF2E71AE7004A00D47ECC /* Build configuration list for PBXNativeTarget "Tableview demo" */ = {
			isa = XCConfigurationList;
			buildConfigurations = (
				1E9DF2E81AE7004A00D47ECC /* Debug */,
				1E9DF2E91AE7004A00D47ECC /* Release */,
			);
			defaultConfigurationIsVisible = 0;
		};
		1E9DF2EA1AE7004A00D47ECC /* Build configuration list for PBXNativeTarget "Tableview demoTests" */ = {
			isa = XCConfigurationList;
			buildConfigurations = (
				1E9DF2EB1AE7004A00D47ECC /* Debug */,
				1E9DF2EC1AE7004A00D47ECC /* Release */,
			);
			defaultConfigurationIsVisible = 0;
		};
/* End XCConfigurationList section */
	};
	rootObject = 1E9DF2BC1AE7004A00D47ECC /* Project object */;
}
